
Microsoft Visual Studio Solution File, Format Version 12.00
# Visual Studio Version 17
VisualStudioVersion = 17.8.34511.84
MinimumVisualStudioVersion = 10.0.40219.1
Project("{FAE04EC0-301F-11D3-BF4B-00C04F79EFBC}") = "ecommerce", "ecommerce\ecommerce.csproj", "{5A337D9D-142B-424F-AE7C-CFF5331AB885}"
EndProject
Global
	GlobalSection(SolutionConfigurationPlatforms) = preSolution
		Debug|Any CPU = Debug|Any CPU
		Release|Any CPU = Release|Any CPU
	EndGlobalSection
	GlobalSection(ProjectConfigurationPlatforms) = postSolution
		{5A337D9D-142B-424F-AE7C-CFF5331AB885}.Debug|Any CPU.ActiveCfg = Debug|Any CPU
		{5A337D9D-142B-424F-AE7C-CFF5331AB885}.Debug|Any CPU.Build.0 = Debug|Any CPU
		{5A337D9D-142B-424F-AE7C-CFF5331AB885}.Release|Any CPU.ActiveCfg = Release|Any CPU
		{5A337D9D-142B-424F-AE7C-CFF5331AB885}.Release|Any CPU.Build.0 = Release|Any CPU
	EndGlobalSection
	GlobalSection(SolutionProperties) = preSolution
		HideSolutionNode = FALSE
	EndGlobalSection
	GlobalSection(ExtensibilityGlobals) = postSolution
		SolutionGuid = {32DB0ABE-0CC7-430D-8E6E-5A602CE4EB64}
	EndGlobalSection
EndGlobal
